
Microsoft Visual Studio Solution File, Format Version 12.00
# Visual Studio 14
VisualStudioVersion = 14.0.25420.1
MinimumVisualStudioVersion = 10.0.40219.1
Project("{FAE04EC0-301F-11D3-BF4B-00C04F79EFBC}") = "Calculator", "Calculator\Calculator.csproj", "{36E95F91-BE1D-422B-ACB1-BA08D213E1C4}"
EndProject
Project("{FAE04EC0-301F-11D3-BF4B-00C04F79EFBC}") = "Calculator.Tests", "Calculator.Tests\Calculator.Tests.csproj", "{60C29620-9F5F-4609-800F-55180AE4A99F}"
EndProject
Project("{FAE04EC0-301F-11D3-BF4B-00C04F79EFBC}") = "Calculator.GUI", "Calculator.GUI\Calculator.GUI.csproj", "{D5240BA9-4F9C-4979-8218-F27F2BAE97C5}"
EndProject
Global
	GlobalSection(SolutionConfigurationPlatforms) = preSolution
		Debug|Any CPU = Debug|Any CPU
		Release|Any CPU = Release|Any CPU
	EndGlobalSection
	GlobalSection(ProjectConfigurationPlatforms) = postSolution
		{36E95F91-BE1D-422B-ACB1-BA08D213E1C4}.Debug|Any CPU.ActiveCfg = Debug|Any CPU
		{36E95F91-BE1D-422B-ACB1-BA08D213E1C4}.Debug|Any CPU.Build.0 = Debug|Any CPU
		{36E95F91-BE1D-422B-ACB1-BA08D213E1C4}.Release|Any CPU.ActiveCfg = Release|Any CPU
		{36E95F91-BE1D-422B-ACB1-BA08D213E1C4}.Release|Any CPU.Build.0 = Release|Any CPU
		{60C29620-9F5F-4609-800F-55180AE4A99F}.Debug|Any CPU.ActiveCfg = Debug|Any CPU
		{60C29620-9F5F-4609-800F-55180AE4A99F}.Debug|Any CPU.Build.0 = Debug|Any CPU
		{60C29620-9F5F-4609-800F-55180AE4A99F}.Release|Any CPU.ActiveCfg = Release|Any CPU
		{60C29620-9F5F-4609-800F-55180AE4A99F}.Release|Any CPU.Build.0 = Release|Any CPU
		{D5240BA9-4F9C-4979-8218-F27F2BAE97C5}.Debug|Any CPU.ActiveCfg = Debug|Any CPU
		{D5240BA9-4F9C-4979-8218-F27F2BAE97C5}.Debug|Any CPU.Build.0 = Debug|Any CPU
		{D5240BA9-4F9C-4979-8218-F27F2BAE97C5}.Release|Any CPU.ActiveCfg = Release|Any CPU
		{D5240BA9-4F9C-4979-8218-F27F2BAE97C5}.Release|Any CPU.Build.0 = Release|Any CPU
	EndGlobalSection
	GlobalSection(SolutionProperties) = preSolution
		HideSolutionNode = FALSE
	EndGlobalSection
EndGlobal
